
Microsoft Visual Studio Solution File, Format Version 12.00
# Visual Studio 15
VisualStudioVersion = 15.0.28307.489
MinimumVisualStudioVersion = 10.0.40219.1
Project("{FAE04EC0-301F-11D3-BF4B-00C04F79EFBC}") = "Memory_game", "Memory_game\Memory_game.csproj", "{B78CA079-34FE-456B-B31E-5D42E1E6CACC}"
EndProject
Global
	GlobalSection(SolutionConfigurationPlatforms) = preSolution
		Debug|Any CPU = Debug|Any CPU
		Release|Any CPU = Release|Any CPU
	EndGlobalSection
	GlobalSection(ProjectConfigurationPlatforms) = postSolution
		{B78CA079-34FE-456B-B31E-5D42E1E6CACC}.Debug|Any CPU.ActiveCfg = Debug|Any CPU
		{B78CA079-34FE-456B-B31E-5D42E1E6CACC}.Debug|Any CPU.Build.0 = Debug|Any CPU
		{B78CA079-34FE-456B-B31E-5D42E1E6CACC}.Release|Any CPU.ActiveCfg = Release|Any CPU
		{B78CA079-34FE-456B-B31E-5D42E1E6CACC}.Release|Any CPU.Build.0 = Release|Any CPU
	EndGlobalSection
	GlobalSection(SolutionProperties) = preSolution
		HideSolutionNode = FALSE
	EndGlobalSection
	GlobalSection(ExtensibilityGlobals) = postSolution
		SolutionGuid = {E1FAE45C-53BA-4EB7-AF70-C6184B727EE5}
	EndGlobalSection
EndGlobal
